
Microsoft Visual Studio Solution File, Format Version 12.00
# Visual Studio Version 16
VisualStudioVersion = 16.0.32407.337
MinimumVisualStudioVersion = 10.0.40219.1
Project("{FAE04EC0-301F-11D3-BF4B-00C04F79EFBC}") = "webapiDockerLinux", "webapiDockerLinux.csproj", "{9DB06D96-3493-4724-B641-9C2AF6110B5A}"
EndProject
Global
	GlobalSection(SolutionConfigurationPlatforms) = preSolution
		Debug|Any CPU = Debug|Any CPU
		Release|Any CPU = Release|Any CPU
	EndGlobalSection
	GlobalSection(ProjectConfigurationPlatforms) = postSolution
		{9DB06D96-3493-4724-B641-9C2AF6110B5A}.Debug|Any CPU.ActiveCfg = Debug|Any CPU
		{9DB06D96-3493-4724-B641-9C2AF6110B5A}.Debug|Any CPU.Build.0 = Debug|Any CPU
		{9DB06D96-3493-4724-B641-9C2AF6110B5A}.Release|Any CPU.ActiveCfg = Release|Any CPU
		{9DB06D96-3493-4724-B641-9C2AF6110B5A}.Release|Any CPU.Build.0 = Release|Any CPU
	EndGlobalSection
	GlobalSection(SolutionProperties) = preSolution
		HideSolutionNode = FALSE
	EndGlobalSection
	GlobalSection(ExtensibilityGlobals) = postSolution
		SolutionGuid = {A507F906-3F2B-4883-BABC-657CE5BB4F7A}
	EndGlobalSection
EndGlobal
